
Microsoft Visual Studio Solution File, Format Version 12.00
# Visual Studio Version 16
VisualStudioVersion = 16.0.30011.22
MinimumVisualStudioVersion = 10.0.40219.1
Project("{FAE04EC0-301F-11D3-BF4B-00C04F79EFBC}") = "TP4_AriasMariano_2D", "TP4_AriasMariano_2D\TP4_AriasMariano_2D.csproj", "{6CA53E63-C175-41BC-A19E-63427AF9772D}"
EndProject
Project("{FAE04EC0-301F-11D3-BF4B-00C04F79EFBC}") = "Entidades", "Entidades\Entidades.csproj", "{E3577813-801A-4FC8-8C37-3ABB5D1266C0}"
EndProject
Project("{FAE04EC0-301F-11D3-BF4B-00C04F79EFBC}") = "TestUnitarios", "TestUnitarios\TestUnitarios.csproj", "{8740B80B-E5DB-445B-8D55-70EBB5858A9A}"
EndProject
Global
	GlobalSection(SolutionConfigurationPlatforms) = preSolution
		Debug|Any CPU = Debug|Any CPU
		Release|Any CPU = Release|Any CPU
	EndGlobalSection
	GlobalSection(ProjectConfigurationPlatforms) = postSolution
		{6CA53E63-C175-41BC-A19E-63427AF9772D}.Debug|Any CPU.ActiveCfg = Debug|Any CPU
		{6CA53E63-C175-41BC-A19E-63427AF9772D}.Debug|Any CPU.Build.0 = Debug|Any CPU
		{6CA53E63-C175-41BC-A19E-63427AF9772D}.Release|Any CPU.ActiveCfg = Release|Any CPU
		{6CA53E63-C175-41BC-A19E-63427AF9772D}.Release|Any CPU.Build.0 = Release|Any CPU
		{E3577813-801A-4FC8-8C37-3ABB5D1266C0}.Debug|Any CPU.ActiveCfg = Debug|Any CPU
		{E3577813-801A-4FC8-8C37-3ABB5D1266C0}.Debug|Any CPU.Build.0 = Debug|Any CPU
		{E3577813-801A-4FC8-8C37-3ABB5D1266C0}.Release|Any CPU.ActiveCfg = Release|Any CPU
		{E3577813-801A-4FC8-8C37-3ABB5D1266C0}.Release|Any CPU.Build.0 = Release|Any CPU
		{8740B80B-E5DB-445B-8D55-70EBB5858A9A}.Debug|Any CPU.ActiveCfg = Debug|Any CPU
		{8740B80B-E5DB-445B-8D55-70EBB5858A9A}.Debug|Any CPU.Build.0 = Debug|Any CPU
		{8740B80B-E5DB-445B-8D55-70EBB5858A9A}.Release|Any CPU.ActiveCfg = Release|Any CPU
		{8740B80B-E5DB-445B-8D55-70EBB5858A9A}.Release|Any CPU.Build.0 = Release|Any CPU
	EndGlobalSection
	GlobalSection(SolutionProperties) = preSolution
		HideSolutionNode = FALSE
	EndGlobalSection
	GlobalSection(ExtensibilityGlobals) = postSolution
		SolutionGuid = {30CA296A-08DD-4E1D-84B7-17869BA0C7D6}
	EndGlobalSection
EndGlobal
